
Microsoft Visual Studio Solution File, Format Version 12.00
# Visual Studio Version 17
VisualStudioVersion = 17.13.35919.96
MinimumVisualStudioVersion = 10.0.40219.1
Project("{FAE04EC0-301F-11D3-BF4B-00C04F79EFBC}") = "Bolillerito", "ConsoleApp3\Bolillerito.csproj", "{14D3812B-447F-46BD-BF25-1DBE2EBF5C1C}"
EndProject
Project("{FAE04EC0-301F-11D3-BF4B-00C04F79EFBC}") = "TestBolillerito", "TestBolillerito\TestBolillerito.csproj", "{65CA100A-FF7C-497D-954D-723030CBBD20}"
EndProject
Global
	GlobalSection(SolutionConfigurationPlatforms) = preSolution
		Debug|Any CPU = Debug|Any CPU
		Release|Any CPU = Release|Any CPU
	EndGlobalSection
	GlobalSection(ProjectConfigurationPlatforms) = postSolution
		{14D3812B-447F-46BD-BF25-1DBE2EBF5C1C}.Debug|Any CPU.ActiveCfg = Debug|Any CPU
		{14D3812B-447F-46BD-BF25-1DBE2EBF5C1C}.Debug|Any CPU.Build.0 = Debug|Any CPU
		{14D3812B-447F-46BD-BF25-1DBE2EBF5C1C}.Release|Any CPU.ActiveCfg = Release|Any CPU
		{14D3812B-447F-46BD-BF25-1DBE2EBF5C1C}.Release|Any CPU.Build.0 = Release|Any CPU
		{65CA100A-FF7C-497D-954D-723030CBBD20}.Debug|Any CPU.ActiveCfg = Debug|Any CPU
		{65CA100A-FF7C-497D-954D-723030CBBD20}.Debug|Any CPU.Build.0 = Debug|Any CPU
		{65CA100A-FF7C-497D-954D-723030CBBD20}.Release|Any CPU.ActiveCfg = Release|Any CPU
		{65CA100A-FF7C-497D-954D-723030CBBD20}.Release|Any CPU.Build.0 = Release|Any CPU
	EndGlobalSection
	GlobalSection(SolutionProperties) = preSolution
		HideSolutionNode = FALSE
	EndGlobalSection
	GlobalSection(ExtensibilityGlobals) = postSolution
		SolutionGuid = {33AB1B85-65ED-4CFD-B4E8-121E4020AB37}
	EndGlobalSection
EndGlobal
